
Microsoft Visual Studio Solution File, Format Version 12.00
# Visual Studio 15
VisualStudioVersion = 15.0.28307.421
MinimumVisualStudioVersion = 10.0.40219.1
Project("{FAE04EC0-301F-11D3-BF4B-00C04F79EFBC}") = "ClassesExamples", "ClassesExamples\ClassesExamples.csproj", "{470EB30A-08EE-4F29-8961-218AD13A7EE4}"
EndProject
Global
	GlobalSection(SolutionConfigurationPlatforms) = preSolution
		Debug|Any CPU = Debug|Any CPU
		Release|Any CPU = Release|Any CPU
	EndGlobalSection
	GlobalSection(ProjectConfigurationPlatforms) = postSolution
		{470EB30A-08EE-4F29-8961-218AD13A7EE4}.Debug|Any CPU.ActiveCfg = Debug|Any CPU
		{470EB30A-08EE-4F29-8961-218AD13A7EE4}.Debug|Any CPU.Build.0 = Debug|Any CPU
		{470EB30A-08EE-4F29-8961-218AD13A7EE4}.Release|Any CPU.ActiveCfg = Release|Any CPU
		{470EB30A-08EE-4F29-8961-218AD13A7EE4}.Release|Any CPU.Build.0 = Release|Any CPU
	EndGlobalSection
	GlobalSection(SolutionProperties) = preSolution
		HideSolutionNode = FALSE
	EndGlobalSection
	GlobalSection(ExtensibilityGlobals) = postSolution
		SolutionGuid = {4CB72DD6-A43F-40D5-BA68-9DC086920778}
	EndGlobalSection
EndGlobal
